
Microsoft Visual Studio Solution File, Format Version 12.00
# Visual Studio Version 17
VisualStudioVersion = 17.8.34330.188
MinimumVisualStudioVersion = 10.0.40219.1
Project("{FAE04EC0-301F-11D3-BF4B-00C04F79EFBC}") = "async-practices", "async-practices\async-practices.csproj", "{757F4262-6101-4862-A6C2-761DE0FD888B}"
EndProject
Global
	GlobalSection(SolutionConfigurationPlatforms) = preSolution
		Debug|Any CPU = Debug|Any CPU
		Release|Any CPU = Release|Any CPU
	EndGlobalSection
	GlobalSection(ProjectConfigurationPlatforms) = postSolution
		{757F4262-6101-4862-A6C2-761DE0FD888B}.Debug|Any CPU.ActiveCfg = Debug|Any CPU
		{757F4262-6101-4862-A6C2-761DE0FD888B}.Debug|Any CPU.Build.0 = Debug|Any CPU
		{757F4262-6101-4862-A6C2-761DE0FD888B}.Release|Any CPU.ActiveCfg = Release|Any CPU
		{757F4262-6101-4862-A6C2-761DE0FD888B}.Release|Any CPU.Build.0 = Release|Any CPU
	EndGlobalSection
	GlobalSection(SolutionProperties) = preSolution
		HideSolutionNode = FALSE
	EndGlobalSection
	GlobalSection(ExtensibilityGlobals) = postSolution
		SolutionGuid = {8DB6E7AD-DC68-4E9E-8FD0-66420B45A179}
	EndGlobalSection
EndGlobal
